
Microsoft Visual Studio Solution File, Format Version 12.00
# Visual Studio Version 16
VisualStudioVersion = 16.0.31105.61
MinimumVisualStudioVersion = 10.0.40219.1
Project("{FAE04EC0-301F-11D3-BF4B-00C04F79EFBC}") = "AnaliseIndicesConsoleApp", "AnaliseIndicesConsoleApp.csproj", "{E6BB1822-BFD3-4998-B686-F9695B6D3842}"
EndProject
Global
	GlobalSection(SolutionConfigurationPlatforms) = preSolution
		Debug|Any CPU = Debug|Any CPU
		Release|Any CPU = Release|Any CPU
	EndGlobalSection
	GlobalSection(ProjectConfigurationPlatforms) = postSolution
		{E6BB1822-BFD3-4998-B686-F9695B6D3842}.Debug|Any CPU.ActiveCfg = Debug|Any CPU
		{E6BB1822-BFD3-4998-B686-F9695B6D3842}.Debug|Any CPU.Build.0 = Debug|Any CPU
		{E6BB1822-BFD3-4998-B686-F9695B6D3842}.Release|Any CPU.ActiveCfg = Release|Any CPU
		{E6BB1822-BFD3-4998-B686-F9695B6D3842}.Release|Any CPU.Build.0 = Release|Any CPU
	EndGlobalSection
	GlobalSection(SolutionProperties) = preSolution
		HideSolutionNode = FALSE
	EndGlobalSection
	GlobalSection(ExtensibilityGlobals) = postSolution
		SolutionGuid = {6481C1DF-C959-495A-90A6-8C319751E640}
	EndGlobalSection
EndGlobal
